
Microsoft Visual Studio Solution File, Format Version 12.00
# Visual Studio Version 17
VisualStudioVersion = 17.14.36414.22
MinimumVisualStudioVersion = 10.0.40219.1
Project("{FAE04EC0-301F-11D3-BF4B-00C04F79EFBC}") = "Trial_Fall25", "API\Trial_Fall25.csproj", "{4502EE6E-0ED7-42C1-B114-39B7CFF24C8C}"
EndProject
Global
	GlobalSection(SolutionConfigurationPlatforms) = preSolution
		Debug|Any CPU = Debug|Any CPU
		Release|Any CPU = Release|Any CPU
	EndGlobalSection
	GlobalSection(ProjectConfigurationPlatforms) = postSolution
		{4502EE6E-0ED7-42C1-B114-39B7CFF24C8C}.Debug|Any CPU.ActiveCfg = Debug|Any CPU
		{4502EE6E-0ED7-42C1-B114-39B7CFF24C8C}.Debug|Any CPU.Build.0 = Debug|Any CPU
		{4502EE6E-0ED7-42C1-B114-39B7CFF24C8C}.Release|Any CPU.ActiveCfg = Release|Any CPU
		{4502EE6E-0ED7-42C1-B114-39B7CFF24C8C}.Release|Any CPU.Build.0 = Release|Any CPU
	EndGlobalSection
	GlobalSection(SolutionProperties) = preSolution
		HideSolutionNode = FALSE
	EndGlobalSection
	GlobalSection(ExtensibilityGlobals) = postSolution
		SolutionGuid = {3F29A792-1F77-42A1-B911-26B12617FC8F}
	EndGlobalSection
EndGlobal
